// !$*UTF8*$!
{
	archiveVersion = 1;
	classes = {
	};
	objectVersion = 50;
	objects = {

/* Begin PBXBuildFile section */
		09259FF623BAD8C800260B89 /* AppDelegate.swift in Sources */ = {isa = PBXBuildFile; fileRef = 09259FF523BAD8C800260B89 /* AppDelegate.swift */; };
		09259FF823BAD8C800260B89 /* SceneDelegate.swift in Sources */ = {isa = PBXBuildFile; fileRef = 09259FF723BAD8C800260B89 /* SceneDelegate.swift */; };
		09259FFA23BAD8C800260B89 /* ContentView.swift in Sources */ = {isa = PBXBuildFile; fileRef = 09259FF923BAD8C800260B89 /* ContentView.swift */; };
		09259FFC23BAD8CA00260B89 /* Assets.xcassets in Resources */ = {isa = PBXBuildFile; fileRef = 09259FFB23BAD8CA00260B89 /* Assets.xcassets */; };
		09259FFF23BAD8CA00260B89 /* Preview Assets.xcassets in Resources */ = {isa = PBXBuildFile; fileRef = 09259FFE23BAD8CA00260B89 /* Preview Assets.xcassets */; };
		0925A00223BAD8CA00260B89 /* LaunchScreen.storyboard in Resources */ = {isa = PBXBuildFile; fileRef = 0925A00023BAD8CA00260B89 /* LaunchScreen.storyboard */; };
		0925A00B23BAD96E00260B89 /* Movie.swift in Sources */ = {isa = PBXBuildFile; fileRef = 0925A00A23BAD96E00260B89 /* Movie.swift */; };
		0925A00D23BADD4300260B89 /* DetailView.swift in Sources */ = {isa = PBXBuildFile; fileRef = 0925A00C23BADD4300260B89 /* DetailView.swift */; };
		0925A00F23BAE0E200260B89 /* ModalView.swift in Sources */ = {isa = PBXBuildFile; fileRef = 0925A00E23BAE0E200260B89 /* ModalView.swift */; };
/* End PBXBuildFile section */

/* Begin PBXFileReference section */
		09259FF223BAD8C800260B89 /* MovieApp.app */ = {isa = PBXFileReference; explicitFileType = wrapper.application; includeInIndex = 0; path = MovieApp.app; sourceTree = BUILT_PRODUCTS_DIR; };
		09259FF523BAD8C800260B89 /* AppDelegate.swift */ = {isa = PBXFileReference; lastKnownFileType = sourcecode.swift; path = AppDelegate.swift; sourceTree = "<group>"; };
		09259FF723BAD8C800260B89 /* SceneDelegate.swift */ = {isa = PBXFileReference; lastKnownFileType = sourcecode.swift; path = SceneDelegate.swift; sourceTree = "<group>"; };
		09259FF923BAD8C800260B89 /* ContentView.swift */ = {isa = PBXFileReference; lastKnownFileType = sourcecode.swift; path = ContentView.swift; sourceTree = "<group>"; };
		09259FFB23BAD8CA00260B89 /* Assets.xcassets */ = {isa = PBXFileReference; lastKnownFileType = folder.assetcatalog; path = Assets.xcassets; sourceTree = "<group>"; };
		09259FFE23BAD8CA00260B89 /* Preview Assets.xcassets */ = {isa = PBXFileReference; lastKnownFileType = folder.assetcatalog; path = "Preview Assets.xcassets"; sourceTree = "<group>"; };
		0925A00123BAD8CA00260B89 /* Base */ = {isa = PBXFileReference; lastKnownFileType = file.storyboard; name = Base; path = Base.lproj/LaunchScreen.storyboard; sourceTree = "<group>"; };
		0925A00323BAD8CA00260B89 /* Info.plist */ = {isa = PBXFileReference; lastKnownFileType = text.plist.xml; path = Info.plist; sourceTree = "<group>"; };
		0925A00A23BAD96E00260B89 /* Movie.swift */ = {isa = PBXFileReference; lastKnownFileType = sourcecode.swift; path = Movie.swift; sourceTree = "<group>"; };
		0925A00C23BADD4300260B89 /* DetailView.swift */ = {isa = PBXFileReference; lastKnownFileType = sourcecode.swift; path = DetailView.swift; sourceTree = "<group>"; };
		0925A00E23BAE0E200260B89 /* ModalView.swift */ = {isa = PBXFileReference; lastKnownFileType = sourcecode.swift; path = ModalView.swift; sourceTree = "<group>"; };
/* End PBXFileReference section */

/* Begin PBXFrameworksBuildPhase section */
		09259FEF23BAD8C800260B89 /* Frameworks */ = {
			isa = PBXFrameworksBuildPhase;
			buildActionMask = 2147483647;
			files = (
			);
			runOnlyForDeploymentPostprocessing = 0;
		};
/* End PBXFrameworksBuildPhase section */

/* Begin PBXGroup section */
		09259FE923BAD8C800260B89 = {
			isa = PBXGroup;
			children = (
				09259FF423BAD8C800260B89 /* MovieApp */,
				09259FF323BAD8C800260B89 /* Products */,
			);
			sourceTree = "<group>";
		};
		09259FF323BAD8C800260B89 /* Products */ = {
			isa = PBXGroup;
			children = (
				09259FF223BAD8C800260B89 /* MovieApp.app */,
			);
			name = Products;
			sourceTree = "<group>";
		};
		09259FF423BAD8C800260B89 /* MovieApp */ = {
			isa = PBXGroup;
			children = (
				0925A00923BAD95400260B89 /* Model */,
				09259FF523BAD8C800260B89 /* AppDelegate.swift */,
				09259FF723BAD8C800260B89 /* SceneDelegate.swift */,
				09259FF923BAD8C800260B89 /* ContentView.swift */,
				0925A00C23BADD4300260B89 /* DetailView.swift */,
				09259FFB23BAD8CA00260B89 /* Assets.xcassets */,
				0925A00023BAD8CA00260B89 /* LaunchScreen.storyboard */,
				0925A00323BAD8CA00260B89 /* Info.plist */,
				09259FFD23BAD8CA00260B89 /* Preview Content */,
				0925A00E23BAE0E200260B89 /* ModalView.swift */,
			);
			path = MovieApp;
			sourceTree = "<group>";
		};
		09259FFD23BAD8CA00260B89 /* Preview Content */ = {
			isa = PBXGroup;
			children = (
				09259FFE23BAD8CA00260B89 /* Preview Assets.xcassets */,
			);
			path = "Preview Content";
			sourceTree = "<group>";
		};
		0925A00923BAD95400260B89 /* Model */ = {
			isa = PBXGroup;
			children = (
				0925A00A23BAD96E00260B89 /* Movie.swift */,
			);
			name = Model;
			sourceTree = "<group>";
		};
/* End PBXGroup section */

/* Begin PBXNativeTarget section */
		09259FF123BAD8C800260B89 /* MovieApp */ = {
			isa = PBXNativeTarget;
			buildConfigurationList = 0925A00623BAD8CA00260B89 /* Build configuration list for PBXNativeTarget "MovieApp" */;
			buildPhases = (
				09259FEE23BAD8C800260B89 /* Sources */,
				09259FEF23BAD8C800260B89 /* Frameworks */,
				09259FF023BAD8C800260B89 /* Resources */,
			);
			buildRules = (
			);
			dependencies = (
			);
			name = MovieApp;
			productName = MovieApp;
			productReference = 09259FF223BAD8C800260B89 /* MovieApp.app */;
			productType = "com.apple.product-type.application";
		};
/* End PBXNativeTarget section */

/* Begin PBXProject section */
		09259FEA23BAD8C800260B89 /* Project object */ = {
			isa = PBXProject;
			attributes = {
				LastSwiftUpdateCheck = 1130;
				LastUpgradeCheck = 1130;
				ORGANIZATIONNAME = Andika;
				TargetAttributes = {
					09259FF123BAD8C800260B89 = {
						CreatedOnToolsVersion = 11.3;
					};
				};
			};
			buildConfigurationList = 09259FED23BAD8C800260B89 /* Build configuration list for PBXProject "MovieApp" */;
			compatibilityVersion = "Xcode 9.3";
			developmentRegion = en;
			hasScannedForEncodings = 0;
			knownRegions = (
				en,
				Base,
			);
			mainGroup = 09259FE923BAD8C800260B89;
			productRefGroup = 09259FF323BAD8C800260B89 /* Products */;
			projectDirPath = "";
			projectRoot = "";
			targets = (
				09259FF123BAD8C800260B89 /* MovieApp */,
			);
		};
/* End PBXProject section */

/* Begin PBXResourcesBuildPhase section */
		09259FF023BAD8C800260B89 /* Resources */ = {
			isa = PBXResourcesBuildPhase;
			buildActionMask = 2147483647;
			files = (
				0925A00223BAD8CA00260B89 /* LaunchScreen.storyboard in Resources */,
				09259FFF23BAD8CA00260B89 /* Preview Assets.xcassets in Resources */,
				09259FFC23BAD8CA00260B89 /* Assets.xcassets in Resources */,
			);
			runOnlyForDeploymentPostprocessing = 0;
		};
/* End PBXResourcesBuildPhase section */

/* Begin PBXSourcesBuildPhase section */
		09259FEE23BAD8C800260B89 /* Sources */ = {
			isa = PBXSourcesBuildPhase;
			buildActionMask = 2147483647;
			files = (
				0925A00F23BAE0E200260B89 /* ModalView.swift in Sources */,
				09259FF623BAD8C800260B89 /* AppDelegate.swift in Sources */,
				09259FF823BAD8C800260B89 /* SceneDelegate.swift in Sources */,
				0925A00B23BAD96E00260B89 /* Movie.swift in Sources */,
				0925A00D23BADD4300260B89 /* DetailView.swift in Sources */,
				09259FFA23BAD8C800260B89 /* ContentView.swift in Sources */,
			);
			runOnlyForDeploymentPostprocessing = 0;
		};
/* End PBXSourcesBuildPhase section */

/* Begin PBXVariantGroup section */
		0925A00023BAD8CA00260B89 /* LaunchScreen.storyboard */ = {
			isa = PBXVariantGroup;
			children = (
				0925A00123BAD8CA00260B89 /* Base */,
			);
			name = LaunchScreen.storyboard;
			sourceTree = "<group>";
		};
/* End PBXVariantGroup section */

/* Begin XCBuildConfiguration section */
		0925A00423BAD8CA00260B89 /* Debug */ = {
			isa = XCBuildConfiguration;
			buildSettings = {
				ALWAYS_SEARCH_USER_PATHS = NO;
				CLANG_ANALYZER_NONNULL = YES;
				CLANG_ANALYZER_NUMBER_OBJECT_CONVERSION = YES_AGGRESSIVE;
				CLANG_CXX_LANGUAGE_STANDARD = "gnu++14";
				CLANG_CXX_LIBRARY = "libc++";
				CLANG_ENABLE_MODULES = YES;
				CLANG_ENABLE_OBJC_ARC = YES;
				CLANG_ENABLE_OBJC_WEAK = YES;
				CLANG_WARN_BLOCK_CAPTURE_AUTORELEASING = YES;
				CLANG_WARN_BOOL_CONVERSION = YES;
				CLANG_WARN_COMMA = YES;
				CLANG_WARN_CONSTANT_CONVERSION = YES;
				CLANG_WARN_DEPRECATED_OBJC_IMPLEMENTATIONS = YES;
				CLANG_WARN_DIRECT_OBJC_ISA_USAGE = YES_ERROR;
				CLANG_WARN_DOCUMENTATION_COMMENTS = YES;
				CLANG_WARN_EMPTY_BODY = YES;
				CLANG_WARN_ENUM_CONVERSION = YES;
				CLANG_WARN_INFINITE_RECURSION = YES;
				CLANG_WARN_INT_CONVERSION = YES;
				CLANG_WARN_NON_LITERAL_NULL_CONVERSION = YES;
				CLANG_WARN_OBJC_IMPLICIT_RETAIN_SELF = YES;
				CLANG_WARN_OBJC_LITERAL_CONVERSION = YES;
				CLANG_WARN_OBJC_ROOT_CLASS = YES_ERROR;
				CLANG_WARN_RANGE_LOOP_ANALYSIS = YES;
				CLANG_WARN_STRICT_PROTOTYPES = YES;
				CLANG_WARN_SUSPICIOUS_MOVE = YES;
				CLANG_WARN_UNGUARDED_AVAILABILITY = YES_AGGRESSIVE;
				CLANG_WARN_UNREACHABLE_CODE = YES;
				CLANG_WARN__DUPLICATE_METHOD_MATCH = YES;
				COPY_PHASE_STRIP = NO;
				DEBUG_INFORMATION_FORMAT = dwarf;
				ENABLE_STRICT_OBJC_MSGSEND = YES;
				ENABLE_TESTABILITY = YES;
				GCC_C_LANGUAGE_STANDARD = gnu11;
				GCC_DYNAMIC_NO_PIC = NO;
				GCC_NO_COMMON_BLOCKS = YES;
				GCC_OPTIMIZATION_LEVEL = 0;
				GCC_PREPROCESSOR_DEFINITIONS = (
					"DEBUG=1",
					"$(inherited)",
				);
				GCC_WARN_64_TO_32_BIT_CONVERSION = YES;
				GCC_WARN_ABOUT_RETURN_TYPE = YES_ERROR;
				GCC_WARN_UNDECLARED_SELECTOR = YES;
				GCC_WARN_UNINITIALIZED_AUTOS = YES_AGGRESSIVE;
				GCC_WARN_UNUSED_FUNCTION = YES;
				GCC_WARN_UNUSED_VARIABLE = YES;
				IPHONEOS_DEPLOYMENT_TARGET = 13.2;
				MTL_ENABLE_DEBUG_INFO = INCLUDE_SOURCE;
				MTL_FAST_MATH = YES;
				ONLY_ACTIVE_ARCH = YES;
				SDKROOT = iphoneos;
				SWIFT_ACTIVE_COMPILATION_CONDITIONS = DEBUG;
				SWIFT_OPTIMIZATION_LEVEL = "-Onone";
			};
			name = Debug;
		};
		0925A00523BAD8CA00260B89 /* Release */ = {
			isa = XCBuildConfiguration;
			buildSettings = {
				ALWAYS_SEARCH_USER_PATHS = NO;
				CLANG_ANALYZER_NONNULL = YES;
				CLANG_ANALYZER_NUMBER_OBJECT_CONVERSION = YES_AGGRESSIVE;
				CLANG_CXX_LANGUAGE_STANDARD = "gnu++14";
				CLANG_CXX_LIBRARY = "libc++";
				CLANG_ENABLE_MODULES = YES;
				CLANG_ENABLE_OBJC_ARC = YES;
				CLANG_ENABLE_OBJC_WEAK = YES;
				CLANG_WARN_BLOCK_CAPTURE_AUTORELEASING = YES;
				CLANG_WARN_BOOL_CONVERSION = YES;
				CLANG_WARN_COMMA = YES;
				CLANG_WARN_CONSTANT_CONVERSION = YES;
				CLANG_WARN_DEPRECATED_OBJC_IMPLEMENTATIONS = YES;
				CLANG_WARN_DIRECT_OBJC_ISA_USAGE = YES_ERROR;
				CLANG_WARN_DOCUMENTATION_COMMENTS = YES;
				CLANG_WARN_EMPTY_BODY = YES;
				CLANG_WARN_ENUM_CONVERSION = YES;
				CLANG_WARN_INFINITE_RECURSION = YES;
				CLANG_WARN_INT_CONVERSION = YES;
				CLANG_WARN_NON_LITERAL_NULL_CONVERSION = YES;
				CLANG_WARN_OBJC_IMPLICIT_RETAIN_SELF = YES;
				CLANG_WARN_OBJC_LITERAL_CONVERSION = YES;
				CLANG_WARN_OBJC_ROOT_CLASS = YES_ERROR;
				CLANG_WARN_RANGE_LOOP_ANALYSIS = YES;
				CLANG_WARN_STRICT_PROTOTYPES = YES;
				CLANG_WARN_SUSPICIOUS_MOVE = YES;
				CLANG_WARN_UNGUARDED_AVAILABILITY = YES_AGGRESSIVE;
				CLANG_WARN_UNREACHABLE_CODE = YES;
				CLANG_WARN__DUPLICATE_METHOD_MATCH = YES;
				COPY_PHASE_STRIP = NO;
				DEBUG_INFORMATION_FORMAT = "dwarf-with-dsym";
				ENABLE_NS_ASSERTIONS = NO;
				ENABLE_STRICT_OBJC_MSGSEND = YES;
				GCC_C_LANGUAGE_STANDARD = gnu11;
				GCC_NO_COMMON_BLOCKS = YES;
				GCC_WARN_64_TO_32_BIT_CONVERSION = YES;
				GCC_WARN_ABOUT_RETURN_TYPE = YES_ERROR;
				GCC_WARN_UNDECLARED_SELECTOR = YES;
				GCC_WARN_UNINITIALIZED_AUTOS = YES_AGGRESSIVE;
				GCC_WARN_UNUSED_FUNCTION = YES;
				GCC_WARN_UNUSED_VARIABLE = YES;
				IPHONEOS_DEPLOYMENT_TARGET = 13.2;
				MTL_ENABLE_DEBUG_INFO = NO;
				MTL_FAST_MATH = YES;
				SDKROOT = iphoneos;
				SWIFT_COMPILATION_MODE = wholemodule;
				SWIFT_OPTIMIZATION_LEVEL = "-O";
				VALIDATE_PRODUCT = YES;
			};
			name = Release;
		};
		0925A00723BAD8CA00260B89 /* Debug */ = {
			isa = XCBuildConfiguration;
			buildSettings = {
				ASSETCATALOG_COMPILER_APPICON_NAME = AppIcon;
				CODE_SIGN_STYLE = Automatic;
				DEVELOPMENT_ASSET_PATHS = "\"MovieApp/Preview Content\"";
				DEVELOPMENT_TEAM = BTAM83YYJR;
				ENABLE_PREVIEWS = YES;
				INFOPLIST_FILE = MovieApp/Info.plist;
				LD_RUNPATH_SEARCH_PATHS = (
					"$(inherited)",
					"@executable_path/Frameworks",
				);
				PRODUCT_BUNDLE_IDENTIFIER = space.mrandika.MovieApp;
				PRODUCT_NAME = "$(TARGET_NAME)";
				SWIFT_VERSION = 5.0;
				TARGETED_DEVICE_FAMILY = "1,2";
			};
			name = Debug;
		};
		0925A00823BAD8CA00260B89 /* Release */ = {
			isa = XCBuildConfiguration;
			buildSettings = {
				ASSETCATALOG_COMPILER_APPICON_NAME = AppIcon;
				CODE_SIGN_STYLE = Automatic;
				DEVELOPMENT_ASSET_PATHS = "\"MovieApp/Preview Content\"";
				DEVELOPMENT_TEAM = BTAM83YYJR;
				ENABLE_PREVIEWS = YES;
				INFOPLIST_FILE = MovieApp/Info.plist;
				LD_RUNPATH_SEARCH_PATHS = (
					"$(inherited)",
					"@executable_path/Frameworks",
				);
				PRODUCT_BUNDLE_IDENTIFIER = space.mrandika.MovieApp;
				PRODUCT_NAME = "$(TARGET_NAME)";
				SWIFT_VERSION = 5.0;
				TARGETED_DEVICE_FAMILY = "1,2";
			};
			name = Release;
		};
/* End XCBuildConfiguration section */

/* Begin XCConfigurationList section */
		09259FED23BAD8C800260B89 /* Build configuration list for PBXProject "MovieApp" */ = {
			isa = XCConfigurationList;
			buildConfigurations = (
				0925A00423BAD8CA00260B89 /* Debug */,
				0925A00523BAD8CA00260B89 /* Release */,
			);
			defaultConfigurationIsVisible = 0;
			defaultConfigurationName = Release;
		};
		0925A00623BAD8CA00260B89 /* Build configuration list for PBXNativeTarget "MovieApp" */ = {
			isa = XCConfigurationList;
			buildConfigurations = (
				0925A00723BAD8CA00260B89 /* Debug */,
				0925A00823BAD8CA00260B89 /* Release */,
			);
			defaultConfigurationIsVisible = 0;
			defaultConfigurationName = Release;
		};
/* End XCConfigurationList section */
	};
	rootObject = 09259FEA23BAD8C800260B89 /* Project object */;
}
